// !$*UTF8*$!
{
	archiveVersion = 1;
	classes = {
	};
	objectVersion = 46;
	objects = {

/* Begin PBXBuildFile section */
		FD6FFAC51AB2B99700AE1BB8 /* AppDelegate.swift in Sources */ = {isa = PBXBuildFile; fileRef = FD6FFAC41AB2B99700AE1BB8 /* AppDelegate.swift */; };
		FD6FFAC71AB2B99700AE1BB8 /* ViewController.swift in Sources */ = {isa = PBXBuildFile; fileRef = FD6FFAC61AB2B99700AE1BB8 /* ViewController.swift */; };
		FD6FFACA1AB2B99700AE1BB8 /* Main.storyboard in Resources */ = {isa = PBXBuildFile; fileRef = FD6FFAC81AB2B99700AE1BB8 /* Main.storyboard */; };
		FD6FFACC1AB2B99700AE1BB8 /* Images.xcassets in Resources */ = {isa = PBXBuildFile; fileRef = FD6FFACB1AB2B99700AE1BB8 /* Images.xcassets */; };
		FD6FFACF1AB2B99700AE1BB8 /* LaunchScreen.xib in Resources */ = {isa = PBXBuildFile; fileRef = FD6FFACD1AB2B99700AE1BB8 /* LaunchScreen.xib */; };
		FD6FFADB1AB2B99700AE1BB8 /* Exam1_55011212160Tests.swift in Sources */ = {isa = PBXBuildFile; fileRef = FD6FFADA1AB2B99700AE1BB8 /* Exam1_55011212160Tests.swift */; };
		FD6FFAE51AB2DE6600AE1BB8 /* m.jpg in Resources */ = {isa = PBXBuildFile; fileRef = FD6FFAE41AB2DE6600AE1BB8 /* m.jpg */; };
/* End PBXBuildFile section */

/* Begin PBXContainerItemProxy section */
		FD6FFAD51AB2B99700AE1BB8 /* PBXContainerItemProxy */ = {
			isa = PBXContainerItemProxy;
			containerPortal = FD6FFAB71AB2B99600AE1BB8 /* Project object */;
			proxyType = 1;
			remoteGlobalIDString = FD6FFABE1AB2B99600AE1BB8;
			remoteInfo = Exam1_55011212160;
		};
/* End PBXContainerItemProxy section */

/* Begin PBXFileReference section */
		FD6FFABF1AB2B99600AE1BB8 /* Exam1_55011212160.app */ = {isa = PBXFileReference; explicitFileType = wrapper.application; includeInIndex = 0; path = Exam1_55011212160.app; sourceTree = BUILT_PRODUCTS_DIR; };
		FD6FFAC31AB2B99700AE1BB8 /* Info.plist */ = {isa = PBXFileReference; lastKnownFileType = text.plist.xml; path = Info.plist; sourceTree = "<group>"; };
		FD6FFAC41AB2B99700AE1BB8 /* AppDelegate.swift */ = {isa = PBXFileReference; lastKnownFileType = sourcecode.swift; path = AppDelegate.swift; sourceTree = "<group>"; };
		FD6FFAC61AB2B99700AE1BB8 /* ViewController.swift */ = {isa = PBXFileReference; lastKnownFileType = sourcecode.swift; path = ViewController.swift; sourceTree = "<group>"; };
		FD6FFAC91AB2B99700AE1BB8 /* Base */ = {isa = PBXFileReference; lastKnownFileType = file.storyboard; name = Base; path = Base.lproj/Main.storyboard; sourceTree = "<group>"; };
		FD6FFACB1AB2B99700AE1BB8 /* Images.xcassets */ = {isa = PBXFileReference; lastKnownFileType = folder.assetcatalog; path = Images.xcassets; sourceTree = "<group>"; };
		FD6FFACE1AB2B99700AE1BB8 /* Base */ = {isa = PBXFileReference; lastKnownFileType = file.xib; name = Base; path = Base.lproj/LaunchScreen.xib; sourceTree = "<group>"; };
		FD6FFAD41AB2B99700AE1BB8 /* Exam1_55011212160Tests.xctest */ = {isa = PBXFileReference; explicitFileType = wrapper.cfbundle; includeInIndex = 0; path = Exam1_55011212160Tests.xctest; sourceTree = BUILT_PRODUCTS_DIR; };
		FD6FFAD91AB2B99700AE1BB8 /* Info.plist */ = {isa = PBXFileReference; lastKnownFileType = text.plist.xml; path = Info.plist; sourceTree = "<group>"; };
		FD6FFADA1AB2B99700AE1BB8 /* Exam1_55011212160Tests.swift */ = {isa = PBXFileReference; lastKnownFileType = sourcecode.swift; path = Exam1_55011212160Tests.swift; sourceTree = "<group>"; };
		FD6FFAE41AB2DE6600AE1BB8 /* m.jpg */ = {isa = PBXFileReference; lastKnownFileType = image.jpeg; path = m.jpg; sourceTree = "<group>"; };
/* End PBXFileReference section */

/* Begin PBXFrameworksBuildPhase section */
		FD6FFABC1AB2B99600AE1BB8 /* Frameworks */ = {
			isa = PBXFrameworksBuildPhase;
			buildActionMask = 2147483647;
			files = (
			);
			runOnlyForDeploymentPostprocessing = 0;
		};
		FD6FFAD11AB2B99700AE1BB8 /* Frameworks */ = {
			isa = PBXFrameworksBuildPhase;
			buildActionMask = 2147483647;
			files = (
			);
			runOnlyForDeploymentPostprocessing = 0;
		};
/* End PBXFrameworksBuildPhase section */

/* Begin PBXGroup section */
		FD6FFAB61AB2B99600AE1BB8 = {
			isa = PBXGroup;
			children = (
				FD6FFAC11AB2B99600AE1BB8 /* Exam1_55011212160 */,
				FD6FFAD71AB2B99700AE1BB8 /* Exam1_55011212160Tests */,
				FD6FFAC01AB2B99600AE1BB8 /* Products */,
			);
			sourceTree = "<group>";
		};
		FD6FFAC01AB2B99600AE1BB8 /* Products */ = {
			isa = PBXGroup;
			children = (
				FD6FFABF1AB2B99600AE1BB8 /* Exam1_55011212160.app */,
				FD6FFAD41AB2B99700AE1BB8 /* Exam1_55011212160Tests.xctest */,
			);
			name = Products;
			sourceTree = "<group>";
		};
		FD6FFAC11AB2B99600AE1BB8 /* Exam1_55011212160 */ = {
			isa = PBXGroup;
			children = (
				FD6FFAC41AB2B99700AE1BB8 /* AppDelegate.swift */,
				FD6FFAC61AB2B99700AE1BB8 /* ViewController.swift */,
				FD6FFAC81AB2B99700AE1BB8 /* Main.storyboard */,
				FD6FFACB1AB2B99700AE1BB8 /* Images.xcassets */,
				FD6FFACD1AB2B99700AE1BB8 /* LaunchScreen.xib */,
				FD6FFAC21AB2B99600AE1BB8 /* Supporting Files */,
			);
			path = Exam1_55011212160;
			sourceTree = "<group>";
		};
		FD6FFAC21AB2B99600AE1BB8 /* Supporting Files */ = {
			isa = PBXGroup;
			children = (
				FD6FFAE41AB2DE6600AE1BB8 /* m.jpg */,
				FD6FFAC31AB2B99700AE1BB8 /* Info.plist */,
			);
			name = "Supporting Files";
			sourceTree = "<group>";
		};
		FD6FFAD71AB2B99700AE1BB8 /* Exam1_55011212160Tests */ = {
			isa = PBXGroup;
			children = (
				FD6FFADA1AB2B99700AE1BB8 /* Exam1_55011212160Tests.swift */,
				FD6FFAD81AB2B99700AE1BB8 /* Supporting Files */,
			);
			path = Exam1_55011212160Tests;
			sourceTree = "<group>";
		};
		FD6FFAD81AB2B99700AE1BB8 /* Supporting Files */ = {
			isa = PBXGroup;
			children = (
				FD6FFAD91AB2B99700AE1BB8 /* Info.plist */,
			);
			name = "Supporting Files";
			sourceTree = "<group>";
		};
/* End PBXGroup section */

/* Begin PBXNativeTarget section */
		FD6FFABE1AB2B99600AE1BB8 /* Exam1_55011212160 */ = {
			isa = PBXNativeTarget;
			buildConfigurationList = FD6FFADE1AB2B99700AE1BB8 /* Build configuration list for PBXNativeTarget "Exam1_55011212160" */;
			buildPhases = (
				FD6FFABB1AB2B99600AE1BB8 /* Sources */,
				FD6FFABC1AB2B99600AE1BB8 /* Frameworks */,
				FD6FFABD1AB2B99600AE1BB8 /* Resources */,
			);
			buildRules = (
			);
			dependencies = (
			);
			name = Exam1_55011212160;
			productName = Exam1_55011212160;
			productReference = FD6FFABF1AB2B99600AE1BB8 /* Exam1_55011212160.app */;
			productType = "com.apple.product-type.application";
		};
		FD6FFAD31AB2B99700AE1BB8 /* Exam1_55011212160Tests */ = {
			isa = PBXNativeTarget;
			buildConfigurationList = FD6FFAE11AB2B99700AE1BB8 /* Build configuration list for PBXNativeTarget "Exam1_55011212160Tests" */;
			buildPhases = (
				FD6FFAD01AB2B99700AE1BB8 /* Sources */,
				FD6FFAD11AB2B99700AE1BB8 /* Frameworks */,
				FD6FFAD21AB2B99700AE1BB8 /* Resources */,
			);
			buildRules = (
			);
			dependencies = (
				FD6FFAD61AB2B99700AE1BB8 /* PBXTargetDependency */,
			);
			name = Exam1_55011212160Tests;
			productName = Exam1_55011212160Tests;
			productReference = FD6FFAD41AB2B99700AE1BB8 /* Exam1_55011212160Tests.xctest */;
			productType = "com.apple.product-type.bundle.unit-test";
		};
/* End PBXNativeTarget section */

/* Begin PBXProject section */
		FD6FFAB71AB2B99600AE1BB8 /* Project object */ = {
			isa = PBXProject;
			attributes = {
				LastUpgradeCheck = 0600;
				ORGANIZATIONNAME = iStudents;
				TargetAttributes = {
					FD6FFABE1AB2B99600AE1BB8 = {
						CreatedOnToolsVersion = 6.0;
					};
					FD6FFAD31AB2B99700AE1BB8 = {
						CreatedOnToolsVersion = 6.0;
						TestTargetID = FD6FFABE1AB2B99600AE1BB8;
					};
				};
			};
			buildConfigurationList = FD6FFABA1AB2B99600AE1BB8 /* Build configuration list for PBXProject "Exam1_55011212160" */;
			compatibilityVersion = "Xcode 3.2";
			developmentRegion = English;
			hasScannedForEncodings = 0;
			knownRegions = (
				en,
				Base,
			);
			mainGroup = FD6FFAB61AB2B99600AE1BB8;
			productRefGroup = FD6FFAC01AB2B99600AE1BB8 /* Products */;
			projectDirPath = "";
			projectRoot = "";
			targets = (
				FD6FFABE1AB2B99600AE1BB8 /* Exam1_55011212160 */,
				FD6FFAD31AB2B99700AE1BB8 /* Exam1_55011212160Tests */,
			);
		};
/* End PBXProject section */

/* Begin PBXResourcesBuildPhase section */
		FD6FFABD1AB2B99600AE1BB8 /* Resources */ = {
			isa = PBXResourcesBuildPhase;
			buildActionMask = 2147483647;
			files = (
				FD6FFACA1AB2B99700AE1BB8 /* Main.storyboard in Resources */,
				FD6FFAE51AB2DE6600AE1BB8 /* m.jpg in Resources */,
				FD6FFACF1AB2B99700AE1BB8 /* LaunchScreen.xib in Resources */,
				FD6FFACC1AB2B99700AE1BB8 /* Images.xcassets in Resources */,
			);
			runOnlyForDeploymentPostprocessing = 0;
		};
		FD6FFAD21AB2B99700AE1BB8 /* Resources */ = {
			isa = PBXResourcesBuildPhase;
			buildActionMask = 2147483647;
			files = (
			);
			runOnlyForDeploymentPostprocessing = 0;
		};
/* End PBXResourcesBuildPhase section */

/* Begin PBXSourcesBuildPhase section */
		FD6FFABB1AB2B99600AE1BB8 /* Sources */ = {
			isa = PBXSourcesBuildPhase;
			buildActionMask = 2147483647;
			files = (
				FD6FFAC71AB2B99700AE1BB8 /* ViewController.swift in Sources */,
				FD6FFAC51AB2B99700AE1BB8 /* AppDelegate.swift in Sources */,
			);
			runOnlyForDeploymentPostprocessing = 0;
		};
		FD6FFAD01AB2B99700AE1BB8 /* Sources */ = {
			isa = PBXSourcesBuildPhase;
			buildActionMask = 2147483647;
			files = (
				FD6FFADB1AB2B99700AE1BB8 /* Exam1_55011212160Tests.swift in Sources */,
			);
			runOnlyForDeploymentPostprocessing = 0;
		};
/* End PBXSourcesBuildPhase section */

/* Begin PBXTargetDependency section */
		FD6FFAD61AB2B99700AE1BB8 /* PBXTargetDependency */ = {
			isa = PBXTargetDependency;
			target = FD6FFABE1AB2B99600AE1BB8 /* Exam1_55011212160 */;
			targetProxy = FD6FFAD51AB2B99700AE1BB8 /* PBXContainerItemProxy */;
		};
/* End PBXTargetDependency section */

/* Begin PBXVariantGroup section */
		FD6FFAC81AB2B99700AE1BB8 /* Main.storyboard */ = {
			isa = PBXVariantGroup;
			children = (
				FD6FFAC91AB2B99700AE1BB8 /* Base */,
			);
			name = Main.storyboard;
			sourceTree = "<group>";
		};
		FD6FFACD1AB2B99700AE1BB8 /* LaunchScreen.xib */ = {
			isa = PBXVariantGroup;
			children = (
				FD6FFACE1AB2B99700AE1BB8 /* Base */,
			);
			name = LaunchScreen.xib;
			sourceTree = "<group>";
		};
/* End PBXVariantGroup section */

/* Begin XCBuildConfiguration section */
		FD6FFADC1AB2B99700AE1BB8 /* Debug */ = {
			isa = XCBuildConfiguration;
			buildSettings = {
				ALWAYS_SEARCH_USER_PATHS = NO;
				CLANG_CXX_LANGUAGE_STANDARD = "gnu++0x";
				CLANG_CXX_LIBRARY = "libc++";
				CLANG_ENABLE_MODULES = YES;
				CLANG_ENABLE_OBJC_ARC = YES;
				CLANG_WARN_BOOL_CONVERSION = YES;
				CLANG_WARN_CONSTANT_CONVERSION = YES;
				CLANG_WARN_DIRECT_OBJC_ISA_USAGE = YES_ERROR;
				CLANG_WARN_EMPTY_BODY = YES;
				CLANG_WARN_ENUM_CONVERSION = YES;
				CLANG_WARN_INT_CONVERSION = YES;
				CLANG_WARN_OBJC_ROOT_CLASS = YES_ERROR;
				CLANG_WARN_UNREACHABLE_CODE = YES;
				CLANG_WARN__DUPLICATE_METHOD_MATCH = YES;
				"CODE_SIGN_IDENTITY[sdk=iphoneos*]" = "iPhone Developer";
				COPY_PHASE_STRIP = NO;
				ENABLE_STRICT_OBJC_MSGSEND = YES;
				GCC_C_LANGUAGE_STANDARD = gnu99;
				GCC_DYNAMIC_NO_PIC = NO;
				GCC_OPTIMIZATION_LEVEL = 0;
				GCC_PREPROCESSOR_DEFINITIONS = (
					"DEBUG=1",
					"$(inherited)",
				);
				GCC_SYMBOLS_PRIVATE_EXTERN = NO;
				GCC_WARN_64_TO_32_BIT_CONVERSION = YES;
				GCC_WARN_ABOUT_RETURN_TYPE = YES_ERROR;
				GCC_WARN_UNDECLARED_SELECTOR = YES;
				GCC_WARN_UNINITIALIZED_AUTOS = YES_AGGRESSIVE;
				GCC_WARN_UNUSED_FUNCTION = YES;
				GCC_WARN_UNUSED_VARIABLE = YES;
				IPHONEOS_DEPLOYMENT_TARGET = 8.0;
				MTL_ENABLE_DEBUG_INFO = YES;
				ONLY_ACTIVE_ARCH = YES;
				SDKROOT = iphoneos;
				SWIFT_OPTIMIZATION_LEVEL = "-Onone";
			};
			name = Debug;
		};
		FD6FFADD1AB2B99700AE1BB8 /* Release */ = {
			isa = XCBuildConfiguration;
			buildSettings = {
				ALWAYS_SEARCH_USER_PATHS = NO;
				CLANG_CXX_LANGUAGE_STANDARD = "gnu++0x";
				CLANG_CXX_LIBRARY = "libc++";
				CLANG_ENABLE_MODULES = YES;
				CLANG_ENABLE_OBJC_ARC = YES;
				CLANG_WARN_BOOL_CONVERSION = YES;
				CLANG_WARN_CONSTANT_CONVERSION = YES;
				CLANG_WARN_DIRECT_OBJC_ISA_USAGE = YES_ERROR;
				CLANG_WARN_EMPTY_BODY = YES;
				CLANG_WARN_ENUM_CONVERSION = YES;
				CLANG_WARN_INT_CONVERSION = YES;
				CLANG_WARN_OBJC_ROOT_CLASS = YES_ERROR;
				CLANG_WARN_UNREACHABLE_CODE = YES;
				CLANG_WARN__DUPLICATE_METHOD_MATCH = YES;
				"CODE_SIGN_IDENTITY[sdk=iphoneos*]" = "iPhone Developer";
				COPY_PHASE_STRIP = YES;
				ENABLE_NS_ASSERTIONS = NO;
				ENABLE_STRICT_OBJC_MSGSEND = YES;
				GCC_C_LANGUAGE_STANDARD = gnu99;
				GCC_WARN_64_TO_32_BIT_CONVERSION = YES;
				GCC_WARN_ABOUT_RETURN_TYPE = YES_ERROR;
				GCC_WARN_UNDECLARED_SELECTOR = YES;
				GCC_WARN_UNINITIALIZED_AUTOS = YES_AGGRESSIVE;
				GCC_WARN_UNUSED_FUNCTION = YES;
				GCC_WARN_UNUSED_VARIABLE = YES;
				IPHONEOS_DEPLOYMENT_TARGET = 8.0;
				MTL_ENABLE_DEBUG_INFO = NO;
				SDKROOT = iphoneos;
				VALIDATE_PRODUCT = YES;
			};
			name = Release;
		};
		FD6FFADF1AB2B99700AE1BB8 /* Debug */ = {
			isa = XCBuildConfiguration;
			buildSettings = {
				ASSETCATALOG_COMPILER_APPICON_NAME = AppIcon;
				INFOPLIST_FILE = Exam1_55011212160/Info.plist;
				LD_RUNPATH_SEARCH_PATHS = "$(inherited) @executable_path/Frameworks";
				PRODUCT_NAME = "$(TARGET_NAME)";
			};
			name = Debug;
		};
		FD6FFAE01AB2B99700AE1BB8 /* Release */ = {
			isa = XCBuildConfiguration;
			buildSettings = {
				ASSETCATALOG_COMPILER_APPICON_NAME = AppIcon;
				INFOPLIST_FILE = Exam1_55011212160/Info.plist;
				LD_RUNPATH_SEARCH_PATHS = "$(inherited) @executable_path/Frameworks";
				PRODUCT_NAME = "$(TARGET_NAME)";
			};
			name = Release;
		};
		FD6FFAE21AB2B99700AE1BB8 /* Debug */ = {
			isa = XCBuildConfiguration;
			buildSettings = {
				BUNDLE_LOADER = "$(TEST_HOST)";
				FRAMEWORK_SEARCH_PATHS = (
					"$(SDKROOT)/Developer/Library/Frameworks",
					"$(inherited)",
				);
				GCC_PREPROCESSOR_DEFINITIONS = (
					"DEBUG=1",
					"$(inherited)",
				);
				INFOPLIST_FILE = Exam1_55011212160Tests/Info.plist;
				LD_RUNPATH_SEARCH_PATHS = "$(inherited) @executable_path/Frameworks @loader_path/Frameworks";
				PRODUCT_NAME = "$(TARGET_NAME)";
				TEST_HOST = "$(BUILT_PRODUCTS_DIR)/Exam1_55011212160.app/Exam1_55011212160";
			};
			name = Debug;
		};
		FD6FFAE31AB2B99700AE1BB8 /* Release */ = {
			isa = XCBuildConfiguration;
			buildSettings = {
				BUNDLE_LOADER = "$(TEST_HOST)";
				FRAMEWORK_SEARCH_PATHS = (
					"$(SDKROOT)/Developer/Library/Frameworks",
					"$(inherited)",
				);
				INFOPLIST_FILE = Exam1_55011212160Tests/Info.plist;
				LD_RUNPATH_SEARCH_PATHS = "$(inherited) @executable_path/Frameworks @loader_path/Frameworks";
				PRODUCT_NAME = "$(TARGET_NAME)";
				TEST_HOST = "$(BUILT_PRODUCTS_DIR)/Exam1_55011212160.app/Exam1_55011212160";
			};
			name = Release;
		};
/* End XCBuildConfiguration section */

/* Begin XCConfigurationList section */
		FD6FFABA1AB2B99600AE1BB8 /* Build configuration list for PBXProject "Exam1_55011212160" */ = {
			isa = XCConfigurationList;
			buildConfigurations = (
				FD6FFADC1AB2B99700AE1BB8 /* Debug */,
				FD6FFADD1AB2B99700AE1BB8 /* Release */,
			);
			defaultConfigurationIsVisible = 0;
			defaultConfigurationName = Release;
		};
		FD6FFADE1AB2B99700AE1BB8 /* Build configuration list for PBXNativeTarget "Exam1_55011212160" */ = {
			isa = XCConfigurationList;
			buildConfigurations = (
				FD6FFADF1AB2B99700AE1BB8 /* Debug */,
				FD6FFAE01AB2B99700AE1BB8 /* Release */,
			);
			defaultConfigurationIsVisible = 0;
		};
		FD6FFAE11AB2B99700AE1BB8 /* Build configuration list for PBXNativeTarget "Exam1_55011212160Tests" */ = {
			isa = XCConfigurationList;
			buildConfigurations = (
				FD6FFAE21AB2B99700AE1BB8 /* Debug */,
				FD6FFAE31AB2B99700AE1BB8 /* Release */,
			);
			defaultConfigurationIsVisible = 0;
		};
/* End XCConfigurationList section */
	};
	rootObject = FD6FFAB71AB2B99600AE1BB8 /* Project object */;
}
