// !$*UTF8*$!
{
	archiveVersion = 1;
	classes = {
	};
	objectVersion = 46;
	objects = {

/* Begin PBXBuildFile section */
		FD7ED5DE1AC5308900CF2CEF /* AppDelegate.swift in Sources */ = {isa = PBXBuildFile; fileRef = FD7ED5DD1AC5308900CF2CEF /* AppDelegate.swift */; };
		FD7ED5E01AC5308900CF2CEF /* ViewController.swift in Sources */ = {isa = PBXBuildFile; fileRef = FD7ED5DF1AC5308900CF2CEF /* ViewController.swift */; };
		FD7ED5E31AC5308900CF2CEF /* Main.storyboard in Resources */ = {isa = PBXBuildFile; fileRef = FD7ED5E11AC5308900CF2CEF /* Main.storyboard */; };
		FD7ED5E51AC5308900CF2CEF /* Images.xcassets in Resources */ = {isa = PBXBuildFile; fileRef = FD7ED5E41AC5308900CF2CEF /* Images.xcassets */; };
		FD7ED5E81AC5308900CF2CEF /* LaunchScreen.xib in Resources */ = {isa = PBXBuildFile; fileRef = FD7ED5E61AC5308900CF2CEF /* LaunchScreen.xib */; };
		FD7ED5F41AC5308900CF2CEF /* uikittTests.swift in Sources */ = {isa = PBXBuildFile; fileRef = FD7ED5F31AC5308900CF2CEF /* uikittTests.swift */; };
/* End PBXBuildFile section */

/* Begin PBXContainerItemProxy section */
		FD7ED5EE1AC5308900CF2CEF /* PBXContainerItemProxy */ = {
			isa = PBXContainerItemProxy;
			containerPortal = FD7ED5D01AC5308900CF2CEF /* Project object */;
			proxyType = 1;
			remoteGlobalIDString = FD7ED5D71AC5308900CF2CEF;
			remoteInfo = uikitt;
		};
/* End PBXContainerItemProxy section */

/* Begin PBXFileReference section */
		FD7ED5D81AC5308900CF2CEF /* uikitt.app */ = {isa = PBXFileReference; explicitFileType = wrapper.application; includeInIndex = 0; path = uikitt.app; sourceTree = BUILT_PRODUCTS_DIR; };
		FD7ED5DC1AC5308900CF2CEF /* Info.plist */ = {isa = PBXFileReference; lastKnownFileType = text.plist.xml; path = Info.plist; sourceTree = "<group>"; };
		FD7ED5DD1AC5308900CF2CEF /* AppDelegate.swift */ = {isa = PBXFileReference; lastKnownFileType = sourcecode.swift; path = AppDelegate.swift; sourceTree = "<group>"; };
		FD7ED5DF1AC5308900CF2CEF /* ViewController.swift */ = {isa = PBXFileReference; lastKnownFileType = sourcecode.swift; path = ViewController.swift; sourceTree = "<group>"; };
		FD7ED5E21AC5308900CF2CEF /* Base */ = {isa = PBXFileReference; lastKnownFileType = file.storyboard; name = Base; path = Base.lproj/Main.storyboard; sourceTree = "<group>"; };
		FD7ED5E41AC5308900CF2CEF /* Images.xcassets */ = {isa = PBXFileReference; lastKnownFileType = folder.assetcatalog; path = Images.xcassets; sourceTree = "<group>"; };
		FD7ED5E71AC5308900CF2CEF /* Base */ = {isa = PBXFileReference; lastKnownFileType = file.xib; name = Base; path = Base.lproj/LaunchScreen.xib; sourceTree = "<group>"; };
		FD7ED5ED1AC5308900CF2CEF /* uikittTests.xctest */ = {isa = PBXFileReference; explicitFileType = wrapper.cfbundle; includeInIndex = 0; path = uikittTests.xctest; sourceTree = BUILT_PRODUCTS_DIR; };
		FD7ED5F21AC5308900CF2CEF /* Info.plist */ = {isa = PBXFileReference; lastKnownFileType = text.plist.xml; path = Info.plist; sourceTree = "<group>"; };
		FD7ED5F31AC5308900CF2CEF /* uikittTests.swift */ = {isa = PBXFileReference; lastKnownFileType = sourcecode.swift; path = uikittTests.swift; sourceTree = "<group>"; };
/* End PBXFileReference section */

/* Begin PBXFrameworksBuildPhase section */
		FD7ED5D51AC5308900CF2CEF /* Frameworks */ = {
			isa = PBXFrameworksBuildPhase;
			buildActionMask = 2147483647;
			files = (
			);
			runOnlyForDeploymentPostprocessing = 0;
		};
		FD7ED5EA1AC5308900CF2CEF /* Frameworks */ = {
			isa = PBXFrameworksBuildPhase;
			buildActionMask = 2147483647;
			files = (
			);
			runOnlyForDeploymentPostprocessing = 0;
		};
/* End PBXFrameworksBuildPhase section */

/* Begin PBXGroup section */
		FD7ED5CF1AC5308900CF2CEF = {
			isa = PBXGroup;
			children = (
				FD7ED5DA1AC5308900CF2CEF /* uikitt */,
				FD7ED5F01AC5308900CF2CEF /* uikittTests */,
				FD7ED5D91AC5308900CF2CEF /* Products */,
			);
			sourceTree = "<group>";
		};
		FD7ED5D91AC5308900CF2CEF /* Products */ = {
			isa = PBXGroup;
			children = (
				FD7ED5D81AC5308900CF2CEF /* uikitt.app */,
				FD7ED5ED1AC5308900CF2CEF /* uikittTests.xctest */,
			);
			name = Products;
			sourceTree = "<group>";
		};
		FD7ED5DA1AC5308900CF2CEF /* uikitt */ = {
			isa = PBXGroup;
			children = (
				FD7ED5DD1AC5308900CF2CEF /* AppDelegate.swift */,
				FD7ED5DF1AC5308900CF2CEF /* ViewController.swift */,
				FD7ED5E11AC5308900CF2CEF /* Main.storyboard */,
				FD7ED5E41AC5308900CF2CEF /* Images.xcassets */,
				FD7ED5E61AC5308900CF2CEF /* LaunchScreen.xib */,
				FD7ED5DB1AC5308900CF2CEF /* Supporting Files */,
			);
			path = uikitt;
			sourceTree = "<group>";
		};
		FD7ED5DB1AC5308900CF2CEF /* Supporting Files */ = {
			isa = PBXGroup;
			children = (
				FD7ED5DC1AC5308900CF2CEF /* Info.plist */,
			);
			name = "Supporting Files";
			sourceTree = "<group>";
		};
		FD7ED5F01AC5308900CF2CEF /* uikittTests */ = {
			isa = PBXGroup;
			children = (
				FD7ED5F31AC5308900CF2CEF /* uikittTests.swift */,
				FD7ED5F11AC5308900CF2CEF /* Supporting Files */,
			);
			path = uikittTests;
			sourceTree = "<group>";
		};
		FD7ED5F11AC5308900CF2CEF /* Supporting Files */ = {
			isa = PBXGroup;
			children = (
				FD7ED5F21AC5308900CF2CEF /* Info.plist */,
			);
			name = "Supporting Files";
			sourceTree = "<group>";
		};
/* End PBXGroup section */

/* Begin PBXNativeTarget section */
		FD7ED5D71AC5308900CF2CEF /* uikitt */ = {
			isa = PBXNativeTarget;
			buildConfigurationList = FD7ED5F71AC5308900CF2CEF /* Build configuration list for PBXNativeTarget "uikitt" */;
			buildPhases = (
				FD7ED5D41AC5308900CF2CEF /* Sources */,
				FD7ED5D51AC5308900CF2CEF /* Frameworks */,
				FD7ED5D61AC5308900CF2CEF /* Resources */,
			);
			buildRules = (
			);
			dependencies = (
			);
			name = uikitt;
			productName = uikitt;
			productReference = FD7ED5D81AC5308900CF2CEF /* uikitt.app */;
			productType = "com.apple.product-type.application";
		};
		FD7ED5EC1AC5308900CF2CEF /* uikittTests */ = {
			isa = PBXNativeTarget;
			buildConfigurationList = FD7ED5FA1AC5308900CF2CEF /* Build configuration list for PBXNativeTarget "uikittTests" */;
			buildPhases = (
				FD7ED5E91AC5308900CF2CEF /* Sources */,
				FD7ED5EA1AC5308900CF2CEF /* Frameworks */,
				FD7ED5EB1AC5308900CF2CEF /* Resources */,
			);
			buildRules = (
			);
			dependencies = (
				FD7ED5EF1AC5308900CF2CEF /* PBXTargetDependency */,
			);
			name = uikittTests;
			productName = uikittTests;
			productReference = FD7ED5ED1AC5308900CF2CEF /* uikittTests.xctest */;
			productType = "com.apple.product-type.bundle.unit-test";
		};
/* End PBXNativeTarget section */

/* Begin PBXProject section */
		FD7ED5D01AC5308900CF2CEF /* Project object */ = {
			isa = PBXProject;
			attributes = {
				LastUpgradeCheck = 0600;
				ORGANIZATIONNAME = iStudents;
				TargetAttributes = {
					FD7ED5D71AC5308900CF2CEF = {
						CreatedOnToolsVersion = 6.0;
					};
					FD7ED5EC1AC5308900CF2CEF = {
						CreatedOnToolsVersion = 6.0;
						TestTargetID = FD7ED5D71AC5308900CF2CEF;
					};
				};
			};
			buildConfigurationList = FD7ED5D31AC5308900CF2CEF /* Build configuration list for PBXProject "uikitt" */;
			compatibilityVersion = "Xcode 3.2";
			developmentRegion = English;
			hasScannedForEncodings = 0;
			knownRegions = (
				en,
				Base,
			);
			mainGroup = FD7ED5CF1AC5308900CF2CEF;
			productRefGroup = FD7ED5D91AC5308900CF2CEF /* Products */;
			projectDirPath = "";
			projectRoot = "";
			targets = (
				FD7ED5D71AC5308900CF2CEF /* uikitt */,
				FD7ED5EC1AC5308900CF2CEF /* uikittTests */,
			);
		};
/* End PBXProject section */

/* Begin PBXResourcesBuildPhase section */
		FD7ED5D61AC5308900CF2CEF /* Resources */ = {
			isa = PBXResourcesBuildPhase;
			buildActionMask = 2147483647;
			files = (
				FD7ED5E31AC5308900CF2CEF /* Main.storyboard in Resources */,
				FD7ED5E81AC5308900CF2CEF /* LaunchScreen.xib in Resources */,
				FD7ED5E51AC5308900CF2CEF /* Images.xcassets in Resources */,
			);
			runOnlyForDeploymentPostprocessing = 0;
		};
		FD7ED5EB1AC5308900CF2CEF /* Resources */ = {
			isa = PBXResourcesBuildPhase;
			buildActionMask = 2147483647;
			files = (
			);
			runOnlyForDeploymentPostprocessing = 0;
		};
/* End PBXResourcesBuildPhase section */

/* Begin PBXSourcesBuildPhase section */
		FD7ED5D41AC5308900CF2CEF /* Sources */ = {
			isa = PBXSourcesBuildPhase;
			buildActionMask = 2147483647;
			files = (
				FD7ED5E01AC5308900CF2CEF /* ViewController.swift in Sources */,
				FD7ED5DE1AC5308900CF2CEF /* AppDelegate.swift in Sources */,
			);
			runOnlyForDeploymentPostprocessing = 0;
		};
		FD7ED5E91AC5308900CF2CEF /* Sources */ = {
			isa = PBXSourcesBuildPhase;
			buildActionMask = 2147483647;
			files = (
				FD7ED5F41AC5308900CF2CEF /* uikittTests.swift in Sources */,
			);
			runOnlyForDeploymentPostprocessing = 0;
		};
/* End PBXSourcesBuildPhase section */

/* Begin PBXTargetDependency section */
		FD7ED5EF1AC5308900CF2CEF /* PBXTargetDependency */ = {
			isa = PBXTargetDependency;
			target = FD7ED5D71AC5308900CF2CEF /* uikitt */;
			targetProxy = FD7ED5EE1AC5308900CF2CEF /* PBXContainerItemProxy */;
		};
/* End PBXTargetDependency section */

/* Begin PBXVariantGroup section */
		FD7ED5E11AC5308900CF2CEF /* Main.storyboard */ = {
			isa = PBXVariantGroup;
			children = (
				FD7ED5E21AC5308900CF2CEF /* Base */,
			);
			name = Main.storyboard;
			sourceTree = "<group>";
		};
		FD7ED5E61AC5308900CF2CEF /* LaunchScreen.xib */ = {
			isa = PBXVariantGroup;
			children = (
				FD7ED5E71AC5308900CF2CEF /* Base */,
			);
			name = LaunchScreen.xib;
			sourceTree = "<group>";
		};
/* End PBXVariantGroup section */

/* Begin XCBuildConfiguration section */
		FD7ED5F51AC5308900CF2CEF /* Debug */ = {
			isa = XCBuildConfiguration;
			buildSettings = {
				ALWAYS_SEARCH_USER_PATHS = NO;
				CLANG_CXX_LANGUAGE_STANDARD = "gnu++0x";
				CLANG_CXX_LIBRARY = "libc++";
				CLANG_ENABLE_MODULES = YES;
				CLANG_ENABLE_OBJC_ARC = YES;
				CLANG_WARN_BOOL_CONVERSION = YES;
				CLANG_WARN_CONSTANT_CONVERSION = YES;
				CLANG_WARN_DIRECT_OBJC_ISA_USAGE = YES_ERROR;
				CLANG_WARN_EMPTY_BODY = YES;
				CLANG_WARN_ENUM_CONVERSION = YES;
				CLANG_WARN_INT_CONVERSION = YES;
				CLANG_WARN_OBJC_ROOT_CLASS = YES_ERROR;
				CLANG_WARN_UNREACHABLE_CODE = YES;
				CLANG_WARN__DUPLICATE_METHOD_MATCH = YES;
				"CODE_SIGN_IDENTITY[sdk=iphoneos*]" = "iPhone Developer";
				COPY_PHASE_STRIP = NO;
				ENABLE_STRICT_OBJC_MSGSEND = YES;
				GCC_C_LANGUAGE_STANDARD = gnu99;
				GCC_DYNAMIC_NO_PIC = NO;
				GCC_OPTIMIZATION_LEVEL = 0;
				GCC_PREPROCESSOR_DEFINITIONS = (
					"DEBUG=1",
					"$(inherited)",
				);
				GCC_SYMBOLS_PRIVATE_EXTERN = NO;
				GCC_WARN_64_TO_32_BIT_CONVERSION = YES;
				GCC_WARN_ABOUT_RETURN_TYPE = YES_ERROR;
				GCC_WARN_UNDECLARED_SELECTOR = YES;
				GCC_WARN_UNINITIALIZED_AUTOS = YES_AGGRESSIVE;
				GCC_WARN_UNUSED_FUNCTION = YES;
				GCC_WARN_UNUSED_VARIABLE = YES;
				IPHONEOS_DEPLOYMENT_TARGET = 8.0;
				MTL_ENABLE_DEBUG_INFO = YES;
				ONLY_ACTIVE_ARCH = YES;
				SDKROOT = iphoneos;
				SWIFT_OPTIMIZATION_LEVEL = "-Onone";
			};
			name = Debug;
		};
		FD7ED5F61AC5308900CF2CEF /* Release */ = {
			isa = XCBuildConfiguration;
			buildSettings = {
				ALWAYS_SEARCH_USER_PATHS = NO;
				CLANG_CXX_LANGUAGE_STANDARD = "gnu++0x";
				CLANG_CXX_LIBRARY = "libc++";
				CLANG_ENABLE_MODULES = YES;
				CLANG_ENABLE_OBJC_ARC = YES;
				CLANG_WARN_BOOL_CONVERSION = YES;
				CLANG_WARN_CONSTANT_CONVERSION = YES;
				CLANG_WARN_DIRECT_OBJC_ISA_USAGE = YES_ERROR;
				CLANG_WARN_EMPTY_BODY = YES;
				CLANG_WARN_ENUM_CONVERSION = YES;
				CLANG_WARN_INT_CONVERSION = YES;
				CLANG_WARN_OBJC_ROOT_CLASS = YES_ERROR;
				CLANG_WARN_UNREACHABLE_CODE = YES;
				CLANG_WARN__DUPLICATE_METHOD_MATCH = YES;
				"CODE_SIGN_IDENTITY[sdk=iphoneos*]" = "iPhone Developer";
				COPY_PHASE_STRIP = YES;
				ENABLE_NS_ASSERTIONS = NO;
				ENABLE_STRICT_OBJC_MSGSEND = YES;
				GCC_C_LANGUAGE_STANDARD = gnu99;
				GCC_WARN_64_TO_32_BIT_CONVERSION = YES;
				GCC_WARN_ABOUT_RETURN_TYPE = YES_ERROR;
				GCC_WARN_UNDECLARED_SELECTOR = YES;
				GCC_WARN_UNINITIALIZED_AUTOS = YES_AGGRESSIVE;
				GCC_WARN_UNUSED_FUNCTION = YES;
				GCC_WARN_UNUSED_VARIABLE = YES;
				IPHONEOS_DEPLOYMENT_TARGET = 8.0;
				MTL_ENABLE_DEBUG_INFO = NO;
				SDKROOT = iphoneos;
				VALIDATE_PRODUCT = YES;
			};
			name = Release;
		};
		FD7ED5F81AC5308900CF2CEF /* Debug */ = {
			isa = XCBuildConfiguration;
			buildSettings = {
				ASSETCATALOG_COMPILER_APPICON_NAME = AppIcon;
				INFOPLIST_FILE = uikitt/Info.plist;
				LD_RUNPATH_SEARCH_PATHS = "$(inherited) @executable_path/Frameworks";
				PRODUCT_NAME = "$(TARGET_NAME)";
			};
			name = Debug;
		};
		FD7ED5F91AC5308900CF2CEF /* Release */ = {
			isa = XCBuildConfiguration;
			buildSettings = {
				ASSETCATALOG_COMPILER_APPICON_NAME = AppIcon;
				INFOPLIST_FILE = uikitt/Info.plist;
				LD_RUNPATH_SEARCH_PATHS = "$(inherited) @executable_path/Frameworks";
				PRODUCT_NAME = "$(TARGET_NAME)";
			};
			name = Release;
		};
		FD7ED5FB1AC5308900CF2CEF /* Debug */ = {
			isa = XCBuildConfiguration;
			buildSettings = {
				BUNDLE_LOADER = "$(TEST_HOST)";
				FRAMEWORK_SEARCH_PATHS = (
					"$(SDKROOT)/Developer/Library/Frameworks",
					"$(inherited)",
				);
				GCC_PREPROCESSOR_DEFINITIONS = (
					"DEBUG=1",
					"$(inherited)",
				);
				INFOPLIST_FILE = uikittTests/Info.plist;
				LD_RUNPATH_SEARCH_PATHS = "$(inherited) @executable_path/Frameworks @loader_path/Frameworks";
				PRODUCT_NAME = "$(TARGET_NAME)";
				TEST_HOST = "$(BUILT_PRODUCTS_DIR)/uikitt.app/uikitt";
			};
			name = Debug;
		};
		FD7ED5FC1AC5308900CF2CEF /* Release */ = {
			isa = XCBuildConfiguration;
			buildSettings = {
				BUNDLE_LOADER = "$(TEST_HOST)";
				FRAMEWORK_SEARCH_PATHS = (
					"$(SDKROOT)/Developer/Library/Frameworks",
					"$(inherited)",
				);
				INFOPLIST_FILE = uikittTests/Info.plist;
				LD_RUNPATH_SEARCH_PATHS = "$(inherited) @executable_path/Frameworks @loader_path/Frameworks";
				PRODUCT_NAME = "$(TARGET_NAME)";
				TEST_HOST = "$(BUILT_PRODUCTS_DIR)/uikitt.app/uikitt";
			};
			name = Release;
		};
/* End XCBuildConfiguration section */

/* Begin XCConfigurationList section */
		FD7ED5D31AC5308900CF2CEF /* Build configuration list for PBXProject "uikitt" */ = {
			isa = XCConfigurationList;
			buildConfigurations = (
				FD7ED5F51AC5308900CF2CEF /* Debug */,
				FD7ED5F61AC5308900CF2CEF /* Release */,
			);
			defaultConfigurationIsVisible = 0;
			defaultConfigurationName = Release;
		};
		FD7ED5F71AC5308900CF2CEF /* Build configuration list for PBXNativeTarget "uikitt" */ = {
			isa = XCConfigurationList;
			buildConfigurations = (
				FD7ED5F81AC5308900CF2CEF /* Debug */,
				FD7ED5F91AC5308900CF2CEF /* Release */,
			);
			defaultConfigurationIsVisible = 0;
		};
		FD7ED5FA1AC5308900CF2CEF /* Build configuration list for PBXNativeTarget "uikittTests" */ = {
			isa = XCConfigurationList;
			buildConfigurations = (
				FD7ED5FB1AC5308900CF2CEF /* Debug */,
				FD7ED5FC1AC5308900CF2CEF /* Release */,
			);
			defaultConfigurationIsVisible = 0;
		};
/* End XCConfigurationList section */
	};
	rootObject = FD7ED5D01AC5308900CF2CEF /* Project object */;
}
